
Microsoft Visual Studio Solution File, Format Version 12.00
# Visual Studio Version 16
VisualStudioVersion = 16.0.30621.155
MinimumVisualStudioVersion = 10.0.40219.1
Project("{FAE04EC0-301F-11D3-BF4B-00C04F79EFBC}") = "Singleton Pattern", "Singleton Pattern\Singleton Pattern.csproj", "{15E4C14B-D644-4A69-B649-D12D50D1088C}"
EndProject
Global
	GlobalSection(SolutionConfigurationPlatforms) = preSolution
		Debug|Any CPU = Debug|Any CPU
		Release|Any CPU = Release|Any CPU
	EndGlobalSection
	GlobalSection(ProjectConfigurationPlatforms) = postSolution
		{15E4C14B-D644-4A69-B649-D12D50D1088C}.Debug|Any CPU.ActiveCfg = Debug|Any CPU
		{15E4C14B-D644-4A69-B649-D12D50D1088C}.Debug|Any CPU.Build.0 = Debug|Any CPU
		{15E4C14B-D644-4A69-B649-D12D50D1088C}.Release|Any CPU.ActiveCfg = Release|Any CPU
		{15E4C14B-D644-4A69-B649-D12D50D1088C}.Release|Any CPU.Build.0 = Release|Any CPU
	EndGlobalSection
	GlobalSection(SolutionProperties) = preSolution
		HideSolutionNode = FALSE
	EndGlobalSection
	GlobalSection(ExtensibilityGlobals) = postSolution
		SolutionGuid = {5199DD37-92BC-4BB1-8069-BCC66BB58786}
	EndGlobalSection
EndGlobal
